github.com/Rhiyo/anatole v1.12.1-0.20240128082524-62a34a8ce2cf h1:nK3VW+S7Iy/PonY1lr1l6umsKQD7OvSi2hYfV3rzu9E=
github.com/Rhiyo/anatole v1.12.1-0.20240128082524-62a34a8ce2cf/go.mod h1:+8tzgb0EA1O6LKiO2n4ecEbpBjK3f1c7294ONxsZ86k=
github.com/Rhiyo/anatole v1.12.1-0.20240128085737-8c54b6020f9d h1:1nXL1qRey0VUl5aJz5glzG4kiHuGGJE/4748qsz8GiM=
github.com/Rhiyo/anatole v1.12.1-0.20240128085737-8c54b6020f9d/go.mod h1:+8tzgb0EA1O6LKiO2n4ecEbpBjK3f1c7294ONxsZ86k=
github.com/Rhiyo/anatole v1.12.1-0.20240128090034-d71743c3fd28 h1:q1d8bu34z85HA6pP0uZyjfwDVpzo47BlIgM54ex4eqw=
github.com/Rhiyo/anatole v1.12.1-0.20240128090034-d71743c3fd28/go.mod h1:+8tzgb0EA1O6LKiO2n4ecEbpBjK3f1c7294ONxsZ86k=
github.com/Rhiyo/anatole v1.12.1-0.20240128090732-bb46dceaa0f4 h1:wwhTmwSSsyCLZNhYcGQB9yHA7CgHvXzUvtgMibCIpTg=
github.com/Rhiyo/anatole v1.12.1-0.20240128090732-bb46dceaa0f4/go.mod h1:+8tzgb0EA1O6LKiO2n4ecEbpBjK3f1c7294ONxsZ86k=
github.com/Rhiyo/anatole v1.12.1-0.20240128095252-c12fbd46aa0a h1:D3+Zd3KmRB5TXX9SLK+HwIaLf39yu7IufM7ZDhMwRNs=
github.com/Rhiyo/anatole v1.12.1-0.20240128095252-c12fbd46aa0a/go.mod h1:+8tzgb0EA1O6LKiO2n4ecEbpBjK3f1c7294ONxsZ86k=
github.com/Rhiyo/anatole v1.12.1-0.20240128095946-45a1f4489a7b h1:WMUKuk0KNFpnHXtkNplhN1HBPJ1yKq5WRL1t5cb/xUg=
github.com/Rhiyo/anatole v1.12.1-0.20240128095946-45a1f4489a7b/go.mod h1:+8tzgb0EA1O6LKiO2n4ecEbpBjK3f1c7294ONxsZ86k=
github.com/Rhiyo/anatole v1.12.1-0.20240128100523-e2de033eb29b h1:PfZKqVFmtHgcQqDGnWrzpSqWMJImp4d2NeJm7NNw4qA=
github.com/Rhiyo/anatole v1.12.1-0.20240128100523-e2de033eb29b/go.mod h1:+8tzgb0EA1O6LKiO2n4ecEbpBjK3f1c7294ONxsZ86k=
github.com/Rhiyo/anatole v1.12.1-0.20240128103433-5c6866680c24 h1:vYqrJ+l8t3I9fc10Vag+KAtn0LotJ+hacZNAxBB6mm4=
github.com/Rhiyo/anatole v1.12.1-0.20240128103433-5c6866680c24/go.mod h1:+8tzgb0EA1O6LKiO2n4ecEbpBjK3f1c7294ONxsZ86k=
github.com/Rhiyo/anatole v1.12.1-0.20240128104204-a149125bdbd1 h1:OU4HWGp22h3P9A8v2b/M2luillhJV3r7yErjc9kjtVA=
github.com/Rhiyo/anatole v1.12.1-0.20240128104204-a149125bdbd1/go.mod h1:+8tzgb0EA1O6LKiO2n4ecEbpBjK3f1c7294ONxsZ86k=
github.com/Rhiyo/anatole v1.12.1-0.20240128143554-0801983b24dc h1:7cuwOJ/z31fxUZY1vi33HZOF2nbLXIQZM/WgC1pXDWs=
github.com/Rhiyo/anatole v1.12.1-0.20240128143554-0801983b24dc/go.mod h1:+8tzgb0EA1O6LKiO2n4ecEbpBjK3f1c7294ONxsZ86k=
github.com/Rhiyo/anatole v1.12.1-0.20240128143946-f84c554e6357 h1:rGQ2AZHQpGxk08aJnVEBU4joCPwzFuyf2J8W35vNp4I=
github.com/Rhiyo/anatole v1.12.1-0.20240128143946-f84c554e6357/go.mod h1:+8tzgb0EA1O6LKiO2n4ecEbpBjK3f1c7294ONxsZ86k=
github.com/Rhiyo/anatole v1.12.1-0.20240128144945-40098ef175af h1:RawXAr9B80X7okkfT/zSeVjUgHi8LGLIjcR1QhR/m/w=
github.com/Rhiyo/anatole v1.12.1-0.20240128144945-40098ef175af/go.mod h1:+8tzgb0EA1O6LKiO2n4ecEbpBjK3f1c7294ONxsZ86k=
github.com/Rhiyo/anatole v1.12.1-0.20240128145225-1d69b01e8e8e h1:fS1gUMsbxjKrNepzuo7c1MKpB00mFKzAphKLT99NzlI=
github.com/Rhiyo/anatole v1.12.1-0.20240128145225-1d69b01e8e8e/go.mod h1:+8tzgb0EA1O6LKiO2n4ecEbpBjK3f1c7294ONxsZ86k=
github.com/Rhiyo/anatole v1.12.1-0.20240128150511-2704b24a8695 h1:9yJF3BNDsDg21WMCwRxqT9RJkcRZ7U8yPo4FOALTsOA=
github.com/Rhiyo/anatole v1.12.1-0.20240128150511-2704b24a8695/go.mod h1:+8tzgb0EA1O6LKiO2n4ecEbpBjK3f1c7294ONxsZ86k=
github.com/Rhiyo/anatole v1.12.1-0.20240128151423-2f5f4ec267c6 h1:N4T5+UOm4v3ReiQqgEraI/J0ehySPWR+MTGP+jdF8Kg=
github.com/Rhiyo/anatole v1.12.1-0.20240128151423-2f5f4ec267c6/go.mod h1:+8tzgb0EA1O6LKiO2n4ecEbpBjK3f1c7294ONxsZ86k=
github.com/Rhiyo/anatole v1.12.1-0.20240129104042-f9f070103b2d h1:+rt2X/G3zQ09xuxvfsHHNkoDBeirkwUyxVDHYizq93Y=
github.com/Rhiyo/anatole v1.12.1-0.20240129104042-f9f070103b2d/go.mod h1:+8tzgb0EA1O6LKiO2n4ecEbpBjK3f1c7294ONxsZ86k=
github.com/Rhiyo/anatole v1.12.1-0.20240129113938-9de1decb6142 h1:1cru1VW5CvX1seAVcUj/ZnOqiAt9meQEKK6rUXYF8Dk=
github.com/Rhiyo/anatole v1.12.1-0.20240129113938-9de1decb6142/go.mod h1:+8tzgb0EA1O6LKiO2n4ecEbpBjK3f1c7294ONxsZ86k=
github.com/Rhiyo/anatole v1.12.1-0.20240129114936-789353930b1a h1:S82RR/V7lV5Jk0aPQ306GTBO246f4k5xewIZ33KQXnM=
github.com/Rhiyo/anatole v1.12.1-0.20240129114936-789353930b1a/go.mod h1:+8tzgb0EA1O6LKiO2n4ecEbpBjK3f1c7294ONxsZ86k=
github.com/Rhiyo/anatole v1.12.1-0.20240129115114-0d69a6509999 h1:DxOgycraCdFxS0N4nXfqeRyRE2RnHUtQr7pao/PT3o4=
github.com/Rhiyo/anatole v1.12.1-0.20240129115114-0d69a6509999/go.mod h1:+8tzgb0EA1O6LKiO2n4ecEbpBjK3f1c7294ONxsZ86k=
github.com/Rhiyo/anatole v1.12.1-0.20240129121004-11e8202230a1 h1:K2GqolrCtgRVo3qAGKoNdPNXYM9oSv4a66t9Uje2Eec=
github.com/Rhiyo/anatole v1.12.1-0.20240129121004-11e8202230a1/go.mod h1:+8tzgb0EA1O6LKiO2n4ecEbpBjK3f1c7294ONxsZ86k=
github.com/Rhiyo/anatole v1.12.1-0.20240129123057-81995ffc0ebe h1:HZPFszCzjxDv4SqdEf4TiLNEKz3iseE1nzcpSnZInrM=
github.com/Rhiyo/anatole v1.12.1-0.20240129123057-81995ffc0ebe/go.mod h1:+8tzgb0EA1O6LKiO2n4ecEbpBjK3f1c7294ONxsZ86k=
github.com/Rhiyo/anatole v1.12.1-0.20240129124526-4569259ef4aa h1:jiyjay8y6T5ea/IpoPnGIKAtW0jZF96RvyFn/0hRqjg=
github.com/Rhiyo/anatole v1.12.1-0.20240129124526-4569259ef4aa/go.mod h1:+8tzgb0EA1O6LKiO2n4ecEbpBjK3f1c7294ONxsZ86k=
github.com/Rhiyo/anatole v1.12.1-0.20240129124937-e45e08894dbb h1:VEv2R2IIeGnFqQqNJvrH28YjGD48FBZswVg7gm3RWsw=
github.com/Rhiyo/anatole v1.12.1-0.20240129124937-e45e08894dbb/go.mod h1:+8tzgb0EA1O6LKiO2n4ecEbpBjK3f1c7294ONxsZ86k=
github.com/Rhiyo/anatole v1.12.1-0.20240129125826-e798a5348a6e h1:XGmILdLvhq8rx9EO04lP/B1BP2BB8N0mBxvyEUy6ewc=
github.com/Rhiyo/anatole v1.12.1-0.20240129125826-e798a5348a6e/go.mod h1:+8tzgb0EA1O6LKiO2n4ecEbpBjK3f1c7294ONxsZ86k=
github.com/Rhiyo/anatole v1.12.1-0.20240129132403-17b3f228db32 h1:TDBMY5g5nDiUuQa3ySoPpHT4A/fOKBV7SK7ItPP++64=
github.com/Rhiyo/anatole v1.12.1-0.20240129132403-17b3f228db32/go.mod h1:+8tzgb0EA1O6LKiO2n4ecEbpBjK3f1c7294ONxsZ86k=
github.com/Rhiyo/anatole v1.12.1-0.20240129134053-c8c54442913b h1:Va4keD8rJ+Y7Ahm1ghzxuE9RTodhg9PeYZK0nsA3mAw=
github.com/Rhiyo/anatole v1.12.1-0.20240129134053-c8c54442913b/go.mod h1:+8tzgb0EA1O6LKiO2n4ecEbpBjK3f1c7294ONxsZ86k=
github.com/Rhiyo/anatole v1.12.1-0.20240129134907-61e7dc56a0e1 h1:9dZ6p7zTwhFvTud2AEPYg4MKM09lYvcjikpDBkx6ycM=
github.com/Rhiyo/anatole v1.12.1-0.20240129134907-61e7dc56a0e1/go.mod h1:+8tzgb0EA1O6LKiO2n4ecEbpBjK3f1c7294ONxsZ86k=
github.com/Rhiyo/anatole v1.12.1-0.20240129135419-6aed1279d805 h1:RY8rmYbvdJs+bE95WNDGs4/dBuefOOQ/WY1BRrXPGAM=
github.com/Rhiyo/anatole v1.12.1-0.20240129135419-6aed1279d805/go.mod h1:+8tzgb0EA1O6LKiO2n4ecEbpBjK3f1c7294ONxsZ86k=
github.com/Rhiyo/anatole v1.12.1-0.20240129141913-113fa81664fa h1:4ve70ef7OqznSKy+QzeC6uOEdTlKn7F+nl7QCfaciLQ=
github.com/Rhiyo/anatole v1.12.1-0.20240129141913-113fa81664fa/go.mod h1:+8tzgb0EA1O6LKiO2n4ecEbpBjK3f1c7294ONxsZ86k=
github.com/Rhiyo/anatole v1.12.1-0.20240129142419-00fb1168c368 h1:NugDaxHb1ZtEUBYZAHo5vHC8DseFxY3PCBbtVwhqSJM=
github.com/Rhiyo/anatole v1.12.1-0.20240129142419-00fb1168c368/go.mod h1:+8tzgb0EA1O6LKiO2n4ecEbpBjK3f1c7294ONxsZ86k=
github.com/Rhiyo/anatole v1.12.1-0.20240129142902-2f6077817461 h1:4Qgn2kzW+9Pn21I9sE50HClpf3L+PDGxdzhStfo+i5s=
github.com/Rhiyo/anatole v1.12.1-0.20240129142902-2f6077817461/go.mod h1:+8tzgb0EA1O6LKiO2n4ecEbpBjK3f1c7294ONxsZ86k=
github.com/Rhiyo/anatole v1.12.1-0.20240130101503-cc8ad6b52b13 h1:0jCa0z+YEB90/ExawSgdY9dHNqUb9YN+e/BLoRV7+BM=
github.com/Rhiyo/anatole v1.12.1-0.20240130101503-cc8ad6b52b13/go.mod h1:+8tzgb0EA1O6LKiO2n4ecEbpBjK3f1c7294ONxsZ86k=
github.com/Rhiyo/anatole v1.12.1-0.20240130102336-d995ad591782 h1:ODtW9KCEiXULjcpNU1ajJWE8zB/Jmt4mroOG7ANYzLw=
github.com/Rhiyo/anatole v1.12.1-0.20240130102336-d995ad591782/go.mod h1:+8tzgb0EA1O6LKiO2n4ecEbpBjK3f1c7294ONxsZ86k=
github.com/Rhiyo/anatole v1.12.1-0.20240130102606-619fd98b542c h1:F9flN4UWSLf7T0dod+LKbyQ8dR5TJraEPnpByZU2iFY=
github.com/Rhiyo/anatole v1.12.1-0.20240130102606-619fd98b542c/go.mod h1:+8tzgb0EA1O6LKiO2n4ecEbpBjK3f1c7294ONxsZ86k=
github.com/Rhiyo/anatole v1.12.1-0.20240130102702-c3f44226a5a6 h1:9YOgZG8DA4Vi4mAcc/5E/ItC4OiTyEsuAz0kzj4z9gw=
github.com/Rhiyo/anatole v1.12.1-0.20240130102702-c3f44226a5a6/go.mod h1:+8tzgb0EA1O6LKiO2n4ecEbpBjK3f1c7294ONxsZ86k=
github.com/Rhiyo/anatole v1.12.1-0.20240130103352-bb9596e82cf7 h1:Ca34Otjkv3XcaY0OFz+KJP42kfBBTF7JB+FYDWom61A=
github.com/Rhiyo/anatole v1.12.1-0.20240130103352-bb9596e82cf7/go.mod h1:+8tzgb0EA1O6LKiO2n4ecEbpBjK3f1c7294ONxsZ86k=
github.com/Rhiyo/anatole v1.12.1-0.20240130103624-3827464b17c9 h1:XbxmGvbWsZBLloYsvbl6Jaos0D+wtq7EOb7OlhHWji4=
github.com/Rhiyo/anatole v1.12.1-0.20240130103624-3827464b17c9/go.mod h1:+8tzgb0EA1O6LKiO2n4ecEbpBjK3f1c7294ONxsZ86k=
github.com/Rhiyo/anatole v1.12.1-0.20240130104051-5dde225f69b4 h1:G6bDngkhGH87rPtfE1aeR4MXmnQ/9Nrjl2KhC3NUCtA=
github.com/Rhiyo/anatole v1.12.1-0.20240130104051-5dde225f69b4/go.mod h1:+8tzgb0EA1O6LKiO2n4ecEbpBjK3f1c7294ONxsZ86k=
github.com/Rhiyo/anatole v1.12.1-0.20240130104325-ada8ec0575cd h1:zS96d8/P0v61us9GW7J769GyLdWkj8ya+9OIArlTtZo=
github.com/Rhiyo/anatole v1.12.1-0.20240130104325-ada8ec0575cd/go.mod h1:+8tzgb0EA1O6LKiO2n4ecEbpBjK3f1c7294ONxsZ86k=
github.com/Rhiyo/anatole v1.12.1-0.20240130104752-5b77a9e88cab h1:osgfEpx0Kj84CGLRbsFmV+92X5J6ha+b0dOhOmgY1GQ=
github.com/Rhiyo/anatole v1.12.1-0.20240130104752-5b77a9e88cab/go.mod h1:+8tzgb0EA1O6LKiO2n4ecEbpBjK3f1c7294ONxsZ86k=
github.com/Rhiyo/anatole v1.12.1-0.20240130104938-3f09debecb0c h1:P/OPU6mWmvvTSpmKcyyis35/ebyV2dYXT/uSoFSKwyQ=
github.com/Rhiyo/anatole v1.12.1-0.20240130104938-3f09debecb0c/go.mod h1:+8tzgb0EA1O6LKiO2n4ecEbpBjK3f1c7294ONxsZ86k=
github.com/Rhiyo/anatole v1.12.1-0.20240130105109-53837def3a6f h1:ozsirr5wsdSjrNJLpkQLrqafXHixFVVKRwnEamFSzNs=
github.com/Rhiyo/anatole v1.12.1-0.20240130105109-53837def3a6f/go.mod h1:+8tzgb0EA1O6LKiO2n4ecEbpBjK3f1c7294ONxsZ86k=
github.com/Rhiyo/anatole v1.12.1-0.20240130105201-b66fb99e2cfb h1:BOhVxGwupKNp3b59tJqIzvUqhZqx7xHVi+8g53KZeag=
github.com/Rhiyo/anatole v1.12.1-0.20240130105201-b66fb99e2cfb/go.mod h1:+8tzgb0EA1O6LKiO2n4ecEbpBjK3f1c7294ONxsZ86k=
github.com/Rhiyo/anatole v1.12.1-0.20240130105407-2f5cc9774431 h1:xzphRBOq4ZcT7FRR4YoW9z09TkOZUTk6fPmHMQYSTdg=
github.com/Rhiyo/anatole v1.12.1-0.20240130105407-2f5cc9774431/go.mod h1:+8tzgb0EA1O6LKiO2n4ecEbpBjK3f1c7294ONxsZ86k=
github.com/Rhiyo/anatole v1.12.1-0.20240130110014-3a6fd0cd5dd0 h1:WCH7DSQgYeLrx661ehT2wWW7dRzMn7D8GRZ3mvMcAVU=
github.com/Rhiyo/anatole v1.12.1-0.20240130110014-3a6fd0cd5dd0/go.mod h1:+8tzgb0EA1O6LKiO2n4ecEbpBjK3f1c7294ONxsZ86k=
github.com/Rhiyo/anatole v1.12.1-0.20240130110237-fef7d65c6116 h1:MO4LazMmZEnNA/MgrS5Ear6a6KP7mdERcGub9saD5J4=
github.com/Rhiyo/anatole v1.12.1-0.20240130110237-fef7d65c6116/go.mod h1:+8tzgb0EA1O6LKiO2n4ecEbpBjK3f1c7294ONxsZ86k=
github.com/Rhiyo/anatole v1.12.1-0.20240130110646-ab92d429d03a h1:kkFC5e0d0ZiWdjPfC2GcY52h8i2L6sqT/SXoOxdjFDo=
github.com/Rhiyo/anatole v1.12.1-0.20240130110646-ab92d429d03a/go.mod h1:+8tzgb0EA1O6LKiO2n4ecEbpBjK3f1c7294ONxsZ86k=
github.com/Rhiyo/anatole v1.12.1-0.20240130110817-2a31a32755b1 h1:XakdicWhMGa3oVWdkimUdLJzU97MHBXH14qfRXR01PU=
github.com/Rhiyo/anatole v1.12.1-0.20240130110817-2a31a32755b1/go.mod h1:+8tzgb0EA1O6LKiO2n4ecEbpBjK3f1c7294ONxsZ86k=
github.com/Rhiyo/anatole v1.12.1-0.20240130111517-fb9858f48928 h1:CCTvLeEOX1rAqw5AAGUKw5gbNZu8R5xYxZdM3ZwFR0w=
github.com/Rhiyo/anatole v1.12.1-0.20240130111517-fb9858f48928/go.mod h1:+8tzgb0EA1O6LKiO2n4ecEbpBjK3f1c7294ONxsZ86k=
github.com/Rhiyo/anatole v1.12.1-0.20240130111543-2dd4c1ec2360 h1:Ttd/yqW4EiL1dz1fjzwYhQSaGR1sC90pW+h7/bZQm/U=
github.com/Rhiyo/anatole v1.12.1-0.20240130111543-2dd4c1ec2360/go.mod h1:+8tzgb0EA1O6LKiO2n4ecEbpBjK3f1c7294ONxsZ86k=
github.com/Rhiyo/anatole v1.12.1-0.20240130111735-410fdc74531a h1:+/lrGoA8c1zUt3EFzzIlMwgyhBAQ4kg5Lx64uQXiw08=
github.com/Rhiyo/anatole v1.12.1-0.20240130111735-410fdc74531a/go.mod h1:+8tzgb0EA1O6LKiO2n4ecEbpBjK3f1c7294ONxsZ86k=
github.com/Rhiyo/anatole v1.12.1-0.20240130112256-54851ca1de1d h1:14OZpVIO02sLgCHZ5jai1fSeGBtIo+342cV0SlsFWHI=
github.com/Rhiyo/anatole v1.12.1-0.20240130112256-54851ca1de1d/go.mod h1:+8tzgb0EA1O6LKiO2n4ecEbpBjK3f1c7294ONxsZ86k=
github.com/Rhiyo/anatole v1.12.1-0.20240130114004-d630a7d37b20 h1:SpMHjXzisML8a6rpjMc/FnPBPtPPkWYUD3Rmpr36P38=
github.com/Rhiyo/anatole v1.12.1-0.20240130114004-d630a7d37b20/go.mod h1:+8tzgb0EA1O6LKiO2n4ecEbpBjK3f1c7294ONxsZ86k=
